
Microsoft Visual Studio Solution File, Format Version 12.00
# Visual Studio Version 17
VisualStudioVersion = 17.7.34009.444
MinimumVisualStudioVersion = 10.0.40219.1
Project("{FAE04EC0-301F-11D3-BF4B-00C04F79EFBC}") = "Lebedev_pract_Litvin", "Lebedev_pract_Litvin.csproj", "{6470688F-0D5B-491B-A1DD-490109342798}"
EndProject
Global
	GlobalSection(SolutionConfigurationPlatforms) = preSolution
		Debug|Any CPU = Debug|Any CPU
		Release|Any CPU = Release|Any CPU
	EndGlobalSection
	GlobalSection(ProjectConfigurationPlatforms) = postSolution
		{6470688F-0D5B-491B-A1DD-490109342798}.Debug|Any CPU.ActiveCfg = Debug|Any CPU
		{6470688F-0D5B-491B-A1DD-490109342798}.Debug|Any CPU.Build.0 = Debug|Any CPU
		{6470688F-0D5B-491B-A1DD-490109342798}.Release|Any CPU.ActiveCfg = Release|Any CPU
		{6470688F-0D5B-491B-A1DD-490109342798}.Release|Any CPU.Build.0 = Release|Any CPU
	EndGlobalSection
	GlobalSection(SolutionProperties) = preSolution
		HideSolutionNode = FALSE
	EndGlobalSection
	GlobalSection(ExtensibilityGlobals) = postSolution
		SolutionGuid = {2FC9B16A-8EC2-4114-AA2E-02D64859B5EE}
	EndGlobalSection
EndGlobal
